# THIS IS AN AUTOGENERATED FILE. DO NOT EDIT THIS FILE DIRECTLY.
# yarn lockfile v1


nestjs-mongoose-crud@^2.1.2:
  version "2.1.2"
  resolved "https://registry.yarnpkg.com/nestjs-mongoose-crud/-/nestjs-mongoose-crud-2.1.2.tgz#d6d084cfcbdc555a7cf424ba253e9c481be76335"
  integrity sha512-rvMjjClLTbWA21uNLimYm1rcDeadJCCXBEcDM8T4C2RVnWBgHZtDIhKIrzNN0KF9Q0w09rha+mHftmDCp1qPBQ==
